{
  "name": "appledownloads",
  "version": "1.0.0",
  "lockfileVersion": 1,
  "requires": true,
  "dependencies": {
    "snekfetch": {
      "version": "4.0.0-beta.0",
      "resolved": "https://registry.npmjs.org/snekfetch/-/snekfetch-4.0.0-beta.0.tgz",
      "integrity": "sha512-vwemeGwFkq+PWal8NV3jcsRnVgiVWf5GRalLnIOVrHxmbP8cu9pb0uP+UTFAxUfIsLETO32DUxztuekkLYsWEQ=="
    }
  }
}
